# THIS IS AN AUTOGENERATED FILE. DO NOT EDIT THIS FILE DIRECTLY.
# yarn lockfile v1


"@tauri-apps/api@^1.0.0-rc.2":
  version "1.0.0-rc.2"
  resolved "https://registry.yarnpkg.com/@tauri-apps/api/-/api-1.0.0-rc.2.tgz#bac494a6b8868e05f86184d2ee1ccc8477470363"
  integrity sha512-JhUDCJpfxmf/S1R+yHmJGsher4CGi07Qv4fYeucB7naeFZ7yTQe7S1CHKUZaRYpurGSdwOF3my9k0LyGmpAGYw==
  dependencies:
    type-fest "2.12.0"

"@tauri-apps/cli-darwin-arm64@1.0.0-rc.7":
  version "1.0.0-rc.7"
  resolved "https://registry.yarnpkg.com/@tauri-apps/cli-darwin-arm64/-/cli-darwin-arm64-1.0.0-rc.7.tgz#c7d190ea7496381bf456494e93dd8b35005a0e78"
  integrity sha512-fb1plxZZHDG0KwZOoAl6tuisFU+oZFtNtqK3V2KL+4hz75DyH6BfsrgjyYSecJrtQejL2cHi8q7vUsU+EeLopw==

"@tauri-apps/cli-darwin-x64@1.0.0-rc.7":
  version "1.0.0-rc.7"
  resolved "https://registry.yarnpkg.com/@tauri-apps/cli-darwin-x64/-/cli-darwin-x64-1.0.0-rc.7.tgz#b152f333ea081674e8e6c45d1c3ff1850bff854c"
  integrity sha512-FOFPNsYUgCDaxEK+9oQ3vv9bMD3XVcOKdh1vo/DImzZNO6fQkcsDC8zlmA+Q4axd+X8kvu0iti1fK8Vl7HIUEA==

"@tauri-apps/cli-linux-arm-gnueabihf@1.0.0-rc.7":
  version "1.0.0-rc.7"
  resolved "https://registry.yarnpkg.com/@tauri-apps/cli-linux-arm-gnueabihf/-/cli-linux-arm-gnueabihf-1.0.0-rc.7.tgz#14fb37a337526200dbbe9b49dabd221b81682b02"
  integrity sha512-tFzcJtNHy5AInU3E7kKDyhg4Qb7csu3uZ3FhGfORmGvQAiNQFpGV3ypC230RQYa3sxxRMbn8vjUAZMlU6JArbA==

"@tauri-apps/cli-linux-arm64-gnu@1.0.0-rc.7":
  version "1.0.0-rc.7"
  resolved "https://registry.yarnpkg.com/@tauri-apps/cli-linux-arm64-gnu/-/cli-linux-arm64-gnu-1.0.0-rc.7.tgz#43e7a38018258ad2bf665bb61e0328688b345355"
  integrity sha512-QAoNUJMmoCv/mDZsfEZOOTeEPYuxtMgCgqTDqMd0H8S0Y3Cu2D/Q2fwVl0s9pMb6wLD2GJ2FEneySEMhMxt7Pg==

"@tauri-apps/cli-linux-arm64-musl@1.0.0-rc.7":
  version "1.0.0-rc.7"
  resolved "https://registry.yarnpkg.com/@tauri-apps/cli-linux-arm64-musl/-/cli-linux-arm64-musl-1.0.0-rc.7.tgz#37ebcfc7d1431dd698f529fa57248adadd94b3b4"
  integrity sha512-ieLyACtbY7ezReTnjWLw/kKDXRCbnbrUjQ+hltSmHaRuV51nX+I2rmFO5e7VPdj406jvyKwfSPuBC34bHxt3Og==

"@tauri-apps/cli-linux-x64-gnu@1.0.0-rc.7":
  version "1.0.0-rc.7"
  resolved "https://registry.yarnpkg.com/@tauri-apps/cli-linux-x64-gnu/-/cli-linux-x64-gnu-1.0.0-rc.7.tgz#b47239c4f10b3fe8e1e2f031f639125ededc6d79"
  integrity sha512-wPAZctuFpurACxdCrjw+aaSuFReuIvv1nalVezfqA78AlsCk785yF2YVjoZr5bT8a9+6F+t8uNi3l6Vp5oNqwQ==

"@tauri-apps/cli-linux-x64-musl@1.0.0-rc.7":
  version "1.0.0-rc.7"
  resolved "https://registry.yarnpkg.com/@tauri-apps/cli-linux-x64-musl/-/cli-linux-x64-musl-1.0.0-rc.7.tgz#9e62494cf80aed170f389d84b2b23f354e8ce748"
  integrity sha512-/AxuXFC2d1V8KpZJ6cFDcD5QqPFIZFXC/tAJlnTW75VnHgjat9TYP3BdSOuEA81ZLs9tV4PQF40tNnUSzfRYMg==

"@tauri-apps/cli-win32-ia32-msvc@1.0.0-rc.7":
  version "1.0.0-rc.7"
  resolved "https://registry.yarnpkg.com/@tauri-apps/cli-win32-ia32-msvc/-/cli-win32-ia32-msvc-1.0.0-rc.7.tgz#71c2f9498f4d03fd2c0ca6137a2be7db95a006f3"
  integrity sha512-C4M2rHXlYVPSHGl2Iax1rfiNM5GPSRP1JHxW7/4jH9FfW6mVFcjULZAyVMRfOMQEQ9bYXbVnSTPbhG2Fm0jPxQ==

"@tauri-apps/cli-win32-x64-msvc@1.0.0-rc.7":
  version "1.0.0-rc.7"
  resolved "https://registry.yarnpkg.com/@tauri-apps/cli-win32-x64-msvc/-/cli-win32-x64-msvc-1.0.0-rc.7.tgz#6d719f70a0789f2a179d160c302996ce81194099"
  integrity sha512-lpstJKOtP+ahhjbutapA02TpvfNTZqXwhmA1fvqxDu6BYVezFn7ZiGG5HwdXlkiRDfbwZwBd1evdkV3MxwY1NQ==

"@tauri-apps/cli@^1.0.0-rc.7":
  version "1.0.0-rc.7"
  resolved "https://registry.yarnpkg.com/@tauri-apps/cli/-/cli-1.0.0-rc.7.tgz#0eb73718f6ebddc159b0b54f6fd6dfc26d110b36"
  integrity sha512-g7lUsI2iFiB2JuPFr209vWNqOnxCOGXN6yBttMRY+94UUXZOeWlKxYYpSabyjSr7EbfAUNzjITYmE4urdtmB+A==
  optionalDependencies:
    "@tauri-apps/cli-darwin-arm64" "1.0.0-rc.7"
    "@tauri-apps/cli-darwin-x64" "1.0.0-rc.7"
    "@tauri-apps/cli-linux-arm-gnueabihf" "1.0.0-rc.7"
    "@tauri-apps/cli-linux-arm64-gnu" "1.0.0-rc.7"
    "@tauri-apps/cli-linux-arm64-musl" "1.0.0-rc.7"
    "@tauri-apps/cli-linux-x64-gnu" "1.0.0-rc.7"
    "@tauri-apps/cli-linux-x64-musl" "1.0.0-rc.7"
    "@tauri-apps/cli-win32-ia32-msvc" "1.0.0-rc.7"
    "@tauri-apps/cli-win32-x64-msvc" "1.0.0-rc.7"

mdn-polyfills@^5.20.0:
  version "5.20.0"
  resolved "https://registry.yarnpkg.com/mdn-polyfills/-/mdn-polyfills-5.20.0.tgz#ca8247edf20a4f60dec6804372229812b348260b"
  integrity sha512-AbTv1ytcoOUAkxw6u5oo2QPf27kEZgxBAQr49jFb4i2VnTnFGfJbcIQ9UDBOdfNECeXsgkYFwB2BkdeTfOzztw==

mdui.jq@^2.0.1:
  version "2.0.1"
  resolved "https://registry.yarnpkg.com/mdui.jq/-/mdui.jq-2.0.1.tgz#8c7ce143680ea2a8fa7511675dd0eca6fa57c1d5"
  integrity sha512-BNT4q/4gAqDYVNUVHmYoJoIu04Rmz0Ow0j38VwZgIahWphpyDdOxReQZzMUGDizXZUJ0+r+JpdKVxKMVP27VAg==
  dependencies:
    mdn-polyfills "^5.20.0"
    promise-polyfill "^8.2.0"

mdui@^1.0.2:
  version "1.0.2"
  resolved "https://registry.yarnpkg.com/mdui/-/mdui-1.0.2.tgz#c299320cb9f3c582cdc9977883ae1cce70fd61b2"
  integrity sha512-LIaDjVjzyPY8PUjlhCXiE4mOXinh+jv38H/zsrR00/Y9OWzdncPlvir3mzZGuxT4sh9rHOrh06zfsOPoBjIhzA==
  dependencies:
    mdn-polyfills "^5.20.0"
    mdui.jq "^2.0.1"
    normalize.css "^8.0.1"
    promise-polyfill "^8.2.0"

normalize.css@^8.0.1:
  version "8.0.1"
  resolved "https://registry.yarnpkg.com/normalize.css/-/normalize.css-8.0.1.tgz#9b98a208738b9cc2634caacbc42d131c97487bf3"
  integrity sha512-qizSNPO93t1YUuUhP22btGOo3chcvDFqFaj2TRybP0DMxkHOCTYwp3n34fel4a31ORXy4m1Xq0Gyqpb5m33qIg==

promise-polyfill@^8.2.0:
  version "8.2.1"
  resolved "https://registry.yarnpkg.com/promise-polyfill/-/promise-polyfill-8.2.1.tgz#1fa955b325bee4f6b8a4311e18148d4e5b46d254"
  integrity sha512-3p9zj0cEHbp7NVUxEYUWjQlffXqnXaZIMPkAO7HhFh8u5636xLRDHOUo2vpWSK0T2mqm6fKLXYn1KP6PAZ2gKg==

type-fest@2.12.0:
  version "2.12.0"
  resolved "https://registry.yarnpkg.com/type-fest/-/type-fest-2.12.0.tgz#ce342f58cab9114912f54b493d60ab39c3fc82b6"
  integrity sha512-Qe5GRT+n/4GoqCNGGVp5Snapg1Omq3V7irBJB3EaKsp7HWDo5Gv2d/67gfNyV+d5EXD+x/RF5l1h4yJ7qNkcGA==
